# This file is automatically @generated by Cargo.
# It is not intended for manual editing.
version = 4

[[package]]
name = "atrinik-actions"
version = "0.1.0"

[[package]]
name = "atrinik-client"
version = "0.1.0"
dependencies = [
 "atrinik-config-cache",
 "atrinik-platform",
 "atrinik-protocol-adapter",
 "atrinik-scene-adapter",
 "atrinik-session",
 "atrinik-ui-model",
]

[[package]]
name = "atrinik-config-cache"
version = "0.1.0"
dependencies = [
 "sha2",
]

[[package]]
name = "atrinik-platform"
version = "0.1.0"
dependencies = [
 "atrinik-actions",
 "sdl3",
]

[[package]]
name = "atrinik-protocol-adapter"
version = "0.1.0"
dependencies = [
 "atrinik-actions",
 "atrinik-session",
]

[[package]]
name = "atrinik-scene-adapter"
version = "0.1.0"
dependencies = [
 "atrinik-session",
]

[[package]]
name = "atrinik-session"
version = "0.1.0"
dependencies = [
 "atrinik-actions",
]

[[package]]
name = "atrinik-testkit"
version = "0.1.0"
dependencies = [
 "atrinik-actions",
 "atrinik-session",
]

[[package]]
name = "atrinik-ui-model"
version = "0.1.0"
dependencies = [
 "atrinik-actions",
 "atrinik-session",
]

[[package]]
name = "bitflags"
version = "2.13.1"
source = "registry+https://github.com/rust-lang/crates.io-index"
checksum = "b588b76d00fde79687d7646a9b5bdf3cc0f655e0bbd080335a95d7e96f3587da"

[[package]]
name = "block-buffer"
version = "0.12.1"
source = "registry+https://github.com/rust-lang/crates.io-index"
checksum = "d2f6c7dbe95a6ed67ad9f18e57daf93a2f034c524b99fd2b76d18fdfeb6660aa"
dependencies = [
 "hybrid-array",
]

[[package]]
name = "cc"
version = "1.4.2"
source = "registry+https://github.com/rust-lang/crates.io-index"
checksum = "5d262e149917187838d5b42777c8253bcb64500067342904e7d429499a6f277e"
dependencies = [
 "find-msvc-tools",
 "shlex",
]

[[package]]
name = "cfg-if"
version = "1.0.4"
source = "registry+https://github.com/rust-lang/crates.io-index"
checksum = "9330f8b2ff13f34540b44e946ef35111825727b38d33286ef986142615121801"

[[package]]
name = "cmake"
version = "0.1.58"
source = "registry+https://github.com/rust-lang/crates.io-index"
checksum = "c0f78a02292a74a88ac736019ab962ece0bc380e3f977bf72e376c5d78ff0678"
dependencies = [
 "cc",
]

[[package]]
name = "const-oid"
version = "0.10.2"
source = "registry+https://github.com/rust-lang/crates.io-index"
checksum = "a6ef517f0926dd24a1582492c791b6a4818a4d94e789a334894aa15b0d12f55c"

[[package]]
name = "cpufeatures"
version = "0.3.0"
source = "registry+https://github.com/rust-lang/crates.io-index"
checksum = "8b2a41393f66f16b0823bb79094d54ac5fbd34ab292ddafb9a0456ac9f87d201"
dependencies = [
 "libc",
]

[[package]]
name = "crypto-common"
version = "0.2.2"
source = "registry+https://github.com/rust-lang/crates.io-index"
checksum = "ce6e4c961d6cd6c9a86db418387425e8bdeaf05b3c8bc1411e6dca4c252f1453"
dependencies = [
 "hybrid-array",
]

[[package]]
name = "digest"
version = "0.11.3"
source = "registry+https://github.com/rust-lang/crates.io-index"
checksum = "f1dd6dbb5841937940781866fa1281a1ff7bd3bf827091440879f9994983d5c2"
dependencies = [
 "block-buffer",
 "const-oid",
 "crypto-common",
]

[[package]]
name = "find-msvc-tools"
version = "0.1.10"
source = "registry+https://github.com/rust-lang/crates.io-index"
checksum = "26b73573e6edcd2af0cdf47bd6cb58f0b3839491263c314eaad1ccf24430e1de"

[[package]]
name = "hybrid-array"
version = "0.4.14"
source = "registry+https://github.com/rust-lang/crates.io-index"
checksum = "707114b52a152fa7bdb290cd7cd5912d9467273b6d74e21b8d81aca1f8533f6b"
dependencies = [
 "typenum",
]

[[package]]
name = "libc"
version = "0.2.189"
source = "registry+https://github.com/rust-lang/crates.io-index"
checksum = "3eaf3ede3fee6db1a4c2ee091bf8a8b4dccdc6d17f656fb07896ee72867612f2"

[[package]]
name = "pkg-config"
version = "0.3.33"
source = "registry+https://github.com/rust-lang/crates.io-index"
checksum = "19f132c84eca552bf34cab8ec81f1c1dcc229b811638f9d283dceabe58c5569e"

[[package]]
name = "rpkg-config"
version = "0.1.2"
source = "registry+https://github.com/rust-lang/crates.io-index"
checksum = "5a2d2f3481209a6b42eec2fbb49063fb4e8d35b57023401495d4fe0f85c817f0"

[[package]]
name = "sdl3"
version = "0.18.4"
source = "registry+https://github.com/rust-lang/crates.io-index"
checksum = "25bd22eb1bbc9137e914022b4994ed35591eea0884e9e3e98e6d9895cad6e1d2"
dependencies = [
 "bitflags",
 "libc",
 "sdl3-image-sys",
 "sdl3-mixer-sys",
 "sdl3-sys",
 "sdl3-ttf-sys",
]

[[package]]
name = "sdl3-image-src"
version = "3.4.4"
source = "registry+https://github.com/rust-lang/crates.io-index"
checksum = "fe273101c7dab94551183212eee9adef1a7bf274d407f0b7bfe72482960ab25c"

[[package]]
name = "sdl3-image-sys"
version = "0.6.4+SDL-image-3.4.4"
source = "registry+https://github.com/rust-lang/crates.io-index"
checksum = "5a445f781b39a1c1bc751f5f4612191e0402006e35ad5d02d9193281afad1cf4"
dependencies = [
 "cmake",
 "pkg-config",
 "rpkg-config",
 "sdl3-image-src",
 "sdl3-sys",
 "vcpkg",
]

[[package]]
name = "sdl3-mixer-src"
version = "3.2.4"
source = "registry+https://github.com/rust-lang/crates.io-index"
checksum = "9cd815ae87084588c7dbd027c1667b0a5e21a6b5ae7b22ecb230bc21c7063eca"

[[package]]
name = "sdl3-mixer-sys"
version = "0.6.3+SDL-mixer-3.2.4"
source = "registry+https://github.com/rust-lang/crates.io-index"
checksum = "2b5a157588924cf886bdc3a7c9d0e478cdad35d315740f26af00609a61e7c327"
dependencies = [
 "cmake",
 "pkg-config",
 "rpkg-config",
 "sdl3-mixer-src",
 "sdl3-sys",
 "vcpkg",
]

[[package]]
name = "sdl3-src"
version = "3.4.14"
source = "registry+https://github.com/rust-lang/crates.io-index"
checksum = "e75661ac9dbedc58da5ce739e9688be6bf9d5542a282d89e7e29fdb7dcb43936"

[[package]]
name = "sdl3-sys"
version = "0.6.8+SDL-3.4.14"
source = "registry+https://github.com/rust-lang/crates.io-index"
checksum = "b97e3d18c4994224aec3fb2d3d189f5fc88af0958fb8ed7b569272fde558f033"
dependencies = [
 "cc",
 "cmake",
 "pkg-config",
 "rpkg-config",
 "sdl3-src",
 "vcpkg",
]

[[package]]
name = "sdl3-ttf-src"
version = "3.2.2"
source = "registry+https://github.com/rust-lang/crates.io-index"
checksum = "e8deaa09c46d6aa8e8a81a601eb4685b2a57f2ce8a4ea3c59e8b623b526d1125"

[[package]]
name = "sdl3-ttf-sys"
version = "0.6.1+SDL-ttf-3.2.2"
source = "registry+https://github.com/rust-lang/crates.io-index"
checksum = "8137096072109d6c834d4cb30b8a617ded4f150c7766757eddc834108bbcefd2"
dependencies = [
 "cmake",
 "pkg-config",
 "rpkg-config",
 "sdl3-sys",
 "sdl3-ttf-src",
 "vcpkg",
]

[[package]]
name = "sha2"
version = "0.11.0"
source = "registry+https://github.com/rust-lang/crates.io-index"
checksum = "446ba717509524cb3f22f17ecc096f10f4822d76ab5c0b9822c5f9c284e825f4"
dependencies = [
 "cfg-if",
 "cpufeatures",
 "digest",
]

[[package]]
name = "shlex"
version = "2.0.1"
source = "registry+https://github.com/rust-lang/crates.io-index"
checksum = "f8fadd59c855ef2080decdef8ff161eb6661b86933c9d82e5ba29dc602a55aba"

[[package]]
name = "typenum"
version = "1.20.1"
source = "registry+https://github.com/rust-lang/crates.io-index"
checksum = "b6f5e870be6c3b371b77fe0ee0bafb859fa4964b4404c27de1d380043c4dda20"

[[package]]
name = "vcpkg"
version = "0.2.15"
source = "registry+https://github.com/rust-lang/crates.io-index"
checksum = "accd4ea62f7bb7a82fe23066fb0957d48ef677f6eeb8215f372f52e48bb32426"
